
Microsoft Visual Studio Solution File, Format Version 12.00
# Visual Studio Version 17
VisualStudioVersion = 17.9.34723.18
MinimumVisualStudioVersion = 10.0.40219.1
Project("{FAE04EC0-301F-11D3-BF4B-00C04F79EFBC}") = "QuizSystem.UnitTests", "QuizSystem.UnitTests\QuizSystem.UnitTests.csproj", "{47CB1D47-4284-4747-B4B6-E690533E2442}"
EndProject
Global
	GlobalSection(SolutionConfigurationPlatforms) = preSolution
		Debug|Any CPU = Debug|Any CPU
		Release|Any CPU = Release|Any CPU
	EndGlobalSection
	GlobalSection(ProjectConfigurationPlatforms) = postSolution
		{47CB1D47-4284-4747-B4B6-E690533E2442}.Debug|Any CPU.ActiveCfg = Debug|Any CPU
		{47CB1D47-4284-4747-B4B6-E690533E2442}.Debug|Any CPU.Build.0 = Debug|Any CPU
		{47CB1D47-4284-4747-B4B6-E690533E2442}.Release|Any CPU.ActiveCfg = Release|Any CPU
		{47CB1D47-4284-4747-B4B6-E690533E2442}.Release|Any CPU.Build.0 = Release|Any CPU
	EndGlobalSection
	GlobalSection(SolutionProperties) = preSolution
		HideSolutionNode = FALSE
	EndGlobalSection
	GlobalSection(ExtensibilityGlobals) = postSolution
		SolutionGuid = {DBC1CEE3-090E-4F22-A677-25BD75ADDCB0}
	EndGlobalSection
EndGlobal
